
Microsoft Visual Studio Solution File, Format Version 12.00
# Visual Studio Version 16
VisualStudioVersion = 16.0.30011.22
MinimumVisualStudioVersion = 10.0.40219.1
Project("{FAE04EC0-301F-11D3-BF4B-00C04F79EFBC}") = "zad1", "zad1\zad1.csproj", "{7EA30C40-234D-4A8F-8277-18159492F55F}"
EndProject
Project("{FAE04EC0-301F-11D3-BF4B-00C04F79EFBC}") = "zad2", "zad2\zad2.csproj", "{4FE698FF-23C1-4C30-972E-174D46F0D05C}"
EndProject
Project("{FAE04EC0-301F-11D3-BF4B-00C04F79EFBC}") = "zad3", "zad3\zad3.csproj", "{A8157060-BFED-4A53-BAD1-E2D02CEF2A6F}"
EndProject
Global
	GlobalSection(SolutionConfigurationPlatforms) = preSolution
		Debug|Any CPU = Debug|Any CPU
		Release|Any CPU = Release|Any CPU
	EndGlobalSection
	GlobalSection(ProjectConfigurationPlatforms) = postSolution
		{7EA30C40-234D-4A8F-8277-18159492F55F}.Debug|Any CPU.ActiveCfg = Debug|Any CPU
		{7EA30C40-234D-4A8F-8277-18159492F55F}.Debug|Any CPU.Build.0 = Debug|Any CPU
		{7EA30C40-234D-4A8F-8277-18159492F55F}.Release|Any CPU.ActiveCfg = Release|Any CPU
		{7EA30C40-234D-4A8F-8277-18159492F55F}.Release|Any CPU.Build.0 = Release|Any CPU
		{4FE698FF-23C1-4C30-972E-174D46F0D05C}.Debug|Any CPU.ActiveCfg = Debug|Any CPU
		{4FE698FF-23C1-4C30-972E-174D46F0D05C}.Debug|Any CPU.Build.0 = Debug|Any CPU
		{4FE698FF-23C1-4C30-972E-174D46F0D05C}.Release|Any CPU.ActiveCfg = Release|Any CPU
		{4FE698FF-23C1-4C30-972E-174D46F0D05C}.Release|Any CPU.Build.0 = Release|Any CPU
		{A8157060-BFED-4A53-BAD1-E2D02CEF2A6F}.Debug|Any CPU.ActiveCfg = Debug|Any CPU
		{A8157060-BFED-4A53-BAD1-E2D02CEF2A6F}.Debug|Any CPU.Build.0 = Debug|Any CPU
		{A8157060-BFED-4A53-BAD1-E2D02CEF2A6F}.Release|Any CPU.ActiveCfg = Release|Any CPU
		{A8157060-BFED-4A53-BAD1-E2D02CEF2A6F}.Release|Any CPU.Build.0 = Release|Any CPU
	EndGlobalSection
	GlobalSection(SolutionProperties) = preSolution
		HideSolutionNode = FALSE
	EndGlobalSection
	GlobalSection(ExtensibilityGlobals) = postSolution
		SolutionGuid = {0A8FD9E1-2259-4081-BAB1-96EDBF2EBF04}
	EndGlobalSection
EndGlobal
